
Microsoft Visual Studio Solution File, Format Version 12.00
Project("{FAE04EC0-301F-11D3-BF4B-00C04F79EFBC}") = "3.3_Operators", "3.3_Operators\3.3_Operators.csproj", "{A6DF3139-7335-46C7-A9CB-88540C9A4957}"
EndProject
Global
	GlobalSection(SolutionConfigurationPlatforms) = preSolution
		Debug|Any CPU = Debug|Any CPU
		Release|Any CPU = Release|Any CPU
	EndGlobalSection
	GlobalSection(ProjectConfigurationPlatforms) = postSolution
		{A6DF3139-7335-46C7-A9CB-88540C9A4957}.Debug|Any CPU.ActiveCfg = Debug|Any CPU
		{A6DF3139-7335-46C7-A9CB-88540C9A4957}.Debug|Any CPU.Build.0 = Debug|Any CPU
		{A6DF3139-7335-46C7-A9CB-88540C9A4957}.Release|Any CPU.ActiveCfg = Release|Any CPU
		{A6DF3139-7335-46C7-A9CB-88540C9A4957}.Release|Any CPU.Build.0 = Release|Any CPU
	EndGlobalSection
EndGlobal
