
Microsoft Visual Studio Solution File, Format Version 12.00
# Visual Studio Version 17
VisualStudioVersion = 17.5.002.0
MinimumVisualStudioVersion = 10.0.40219.1
Project("{9A19103F-16F7-4668-BE54-9A1E7A4F7556}") = "10.3_File", "10.3_File.csproj", "{7D4F4527-7780-4988-9A84-365350AD804C}"
EndProject
Global
	GlobalSection(SolutionConfigurationPlatforms) = preSolution
		Debug|Any CPU = Debug|Any CPU
		Release|Any CPU = Release|Any CPU
	EndGlobalSection
	GlobalSection(ProjectConfigurationPlatforms) = postSolution
		{7D4F4527-7780-4988-9A84-365350AD804C}.Debug|Any CPU.ActiveCfg = Debug|Any CPU
		{7D4F4527-7780-4988-9A84-365350AD804C}.Debug|Any CPU.Build.0 = Debug|Any CPU
		{7D4F4527-7780-4988-9A84-365350AD804C}.Release|Any CPU.ActiveCfg = Release|Any CPU
		{7D4F4527-7780-4988-9A84-365350AD804C}.Release|Any CPU.Build.0 = Release|Any CPU
	EndGlobalSection
	GlobalSection(SolutionProperties) = preSolution
		HideSolutionNode = FALSE
	EndGlobalSection
	GlobalSection(ExtensibilityGlobals) = postSolution
		SolutionGuid = {E4BA6B0F-4A1E-4F4F-8E39-D57A36256777}
	EndGlobalSection
EndGlobal
