
Microsoft Visual Studio Solution File, Format Version 12.00
Project("{FAE04EC0-301F-11D3-BF4B-00C04F79EFBC}") = "3.5_Operators", "3.5_Operators\3.5_Operators.csproj", "{755CEB98-6BE1-4DB5-A4E0-4E81ABC22037}"
EndProject
Global
	GlobalSection(SolutionConfigurationPlatforms) = preSolution
		Debug|Any CPU = Debug|Any CPU
		Release|Any CPU = Release|Any CPU
	EndGlobalSection
	GlobalSection(ProjectConfigurationPlatforms) = postSolution
		{755CEB98-6BE1-4DB5-A4E0-4E81ABC22037}.Debug|Any CPU.ActiveCfg = Debug|Any CPU
		{755CEB98-6BE1-4DB5-A4E0-4E81ABC22037}.Debug|Any CPU.Build.0 = Debug|Any CPU
		{755CEB98-6BE1-4DB5-A4E0-4E81ABC22037}.Release|Any CPU.ActiveCfg = Release|Any CPU
		{755CEB98-6BE1-4DB5-A4E0-4E81ABC22037}.Release|Any CPU.Build.0 = Release|Any CPU
	EndGlobalSection
EndGlobal
