
Microsoft Visual Studio Solution File, Format Version 12.00
Project("{FAE04EC0-301F-11D3-BF4B-00C04F79EFBC}") = "7.0_For", "7.0_For\7.0_For.csproj", "{7D097E78-653C-4D2A-975C-AD2850ACBAAD}"
EndProject
Global
	GlobalSection(SolutionConfigurationPlatforms) = preSolution
		Debug|Any CPU = Debug|Any CPU
		Release|Any CPU = Release|Any CPU
	EndGlobalSection
	GlobalSection(ProjectConfigurationPlatforms) = postSolution
		{7D097E78-653C-4D2A-975C-AD2850ACBAAD}.Debug|Any CPU.ActiveCfg = Debug|Any CPU
		{7D097E78-653C-4D2A-975C-AD2850ACBAAD}.Debug|Any CPU.Build.0 = Debug|Any CPU
		{7D097E78-653C-4D2A-975C-AD2850ACBAAD}.Release|Any CPU.ActiveCfg = Release|Any CPU
		{7D097E78-653C-4D2A-975C-AD2850ACBAAD}.Release|Any CPU.Build.0 = Release|Any CPU
	EndGlobalSection
EndGlobal
