
Microsoft Visual Studio Solution File, Format Version 12.00
Project("{FAE04EC0-301F-11D3-BF4B-00C04F79EFBC}") = "ConsoleApp1", "ConsoleApp1.csproj", "{07502FF5-AAEA-4A61-8E56-2A2953C13674}"
EndProject
Global
	GlobalSection(SolutionConfigurationPlatforms) = preSolution
		Debug|Any CPU = Debug|Any CPU
		Release|Any CPU = Release|Any CPU
	EndGlobalSection
	GlobalSection(ProjectConfigurationPlatforms) = postSolution
		{07502FF5-AAEA-4A61-8E56-2A2953C13674}.Debug|Any CPU.ActiveCfg = Debug|Any CPU
		{07502FF5-AAEA-4A61-8E56-2A2953C13674}.Debug|Any CPU.Build.0 = Debug|Any CPU
		{07502FF5-AAEA-4A61-8E56-2A2953C13674}.Release|Any CPU.ActiveCfg = Release|Any CPU
		{07502FF5-AAEA-4A61-8E56-2A2953C13674}.Release|Any CPU.Build.0 = Release|Any CPU
	EndGlobalSection
EndGlobal
