
Microsoft Visual Studio Solution File, Format Version 12.00
Project("{FAE04EC0-301F-11D3-BF4B-00C04F79EFBC}") = "4.2_if_else", "4.2_if_else\4.2_if_else.csproj", "{A8854B22-E4D7-4375-9315-060543D56216}"
EndProject
Global
	GlobalSection(SolutionConfigurationPlatforms) = preSolution
		Debug|Any CPU = Debug|Any CPU
		Release|Any CPU = Release|Any CPU
	EndGlobalSection
	GlobalSection(ProjectConfigurationPlatforms) = postSolution
		{A8854B22-E4D7-4375-9315-060543D56216}.Debug|Any CPU.ActiveCfg = Debug|Any CPU
		{A8854B22-E4D7-4375-9315-060543D56216}.Debug|Any CPU.Build.0 = Debug|Any CPU
		{A8854B22-E4D7-4375-9315-060543D56216}.Release|Any CPU.ActiveCfg = Release|Any CPU
		{A8854B22-E4D7-4375-9315-060543D56216}.Release|Any CPU.Build.0 = Release|Any CPU
	EndGlobalSection
EndGlobal
