
Microsoft Visual Studio Solution File, Format Version 12.00
# Visual Studio Version 17
VisualStudioVersion = 17.5.002.0
MinimumVisualStudioVersion = 10.0.40219.1
Project("{9A19103F-16F7-4668-BE54-9A1E7A4F7556}") = "2.4_MultiDimensionalArrays", "2.4_MultiDimensionalArrays.csproj", "{B29C11C5-B80A-42B8-8685-78EF6BEB56FB}"
EndProject
Global
	GlobalSection(SolutionConfigurationPlatforms) = preSolution
		Debug|Any CPU = Debug|Any CPU
		Release|Any CPU = Release|Any CPU
	EndGlobalSection
	GlobalSection(ProjectConfigurationPlatforms) = postSolution
		{B29C11C5-B80A-42B8-8685-78EF6BEB56FB}.Debug|Any CPU.ActiveCfg = Debug|Any CPU
		{B29C11C5-B80A-42B8-8685-78EF6BEB56FB}.Debug|Any CPU.Build.0 = Debug|Any CPU
		{B29C11C5-B80A-42B8-8685-78EF6BEB56FB}.Release|Any CPU.ActiveCfg = Release|Any CPU
		{B29C11C5-B80A-42B8-8685-78EF6BEB56FB}.Release|Any CPU.Build.0 = Release|Any CPU
	EndGlobalSection
	GlobalSection(SolutionProperties) = preSolution
		HideSolutionNode = FALSE
	EndGlobalSection
	GlobalSection(ExtensibilityGlobals) = postSolution
		SolutionGuid = {75C9E476-CF2B-419C-A100-C52D299E4449}
	EndGlobalSection
EndGlobal
