
Microsoft Visual Studio Solution File, Format Version 12.00
Project("{FAE04EC0-301F-11D3-BF4B-00C04F79EFBC}") = "4.4_if_else", "4.4_if_else\4.4_if_else.csproj", "{FED79CD1-2919-495A-BF22-7B2108C08666}"
EndProject
Global
	GlobalSection(SolutionConfigurationPlatforms) = preSolution
		Debug|Any CPU = Debug|Any CPU
		Release|Any CPU = Release|Any CPU
	EndGlobalSection
	GlobalSection(ProjectConfigurationPlatforms) = postSolution
		{FED79CD1-2919-495A-BF22-7B2108C08666}.Debug|Any CPU.ActiveCfg = Debug|Any CPU
		{FED79CD1-2919-495A-BF22-7B2108C08666}.Debug|Any CPU.Build.0 = Debug|Any CPU
		{FED79CD1-2919-495A-BF22-7B2108C08666}.Release|Any CPU.ActiveCfg = Release|Any CPU
		{FED79CD1-2919-495A-BF22-7B2108C08666}.Release|Any CPU.Build.0 = Release|Any CPU
	EndGlobalSection
EndGlobal
