
Microsoft Visual Studio Solution File, Format Version 12.00
Project("{FAE04EC0-301F-11D3-BF4B-00C04F79EFBC}") = "3.4_Operators", "3.4_Operators\3.4_Operators.csproj", "{489AAD3F-29D1-481F-963E-AC49A5DC3C60}"
EndProject
Global
	GlobalSection(SolutionConfigurationPlatforms) = preSolution
		Debug|Any CPU = Debug|Any CPU
		Release|Any CPU = Release|Any CPU
	EndGlobalSection
	GlobalSection(ProjectConfigurationPlatforms) = postSolution
		{489AAD3F-29D1-481F-963E-AC49A5DC3C60}.Debug|Any CPU.ActiveCfg = Debug|Any CPU
		{489AAD3F-29D1-481F-963E-AC49A5DC3C60}.Debug|Any CPU.Build.0 = Debug|Any CPU
		{489AAD3F-29D1-481F-963E-AC49A5DC3C60}.Release|Any CPU.ActiveCfg = Release|Any CPU
		{489AAD3F-29D1-481F-963E-AC49A5DC3C60}.Release|Any CPU.Build.0 = Release|Any CPU
	EndGlobalSection
EndGlobal
