
Microsoft Visual Studio Solution File, Format Version 12.00
# Visual Studio Version 17
VisualStudioVersion = 17.5.002.0
MinimumVisualStudioVersion = 10.0.40219.1
Project("{9A19103F-16F7-4668-BE54-9A1E7A4F7556}") = "10.2_File", "10.2_File.csproj", "{F2812670-616A-4060-80B4-163BAAE44747}"
EndProject
Global
	GlobalSection(SolutionConfigurationPlatforms) = preSolution
		Debug|Any CPU = Debug|Any CPU
		Release|Any CPU = Release|Any CPU
	EndGlobalSection
	GlobalSection(ProjectConfigurationPlatforms) = postSolution
		{F2812670-616A-4060-80B4-163BAAE44747}.Debug|Any CPU.ActiveCfg = Debug|Any CPU
		{F2812670-616A-4060-80B4-163BAAE44747}.Debug|Any CPU.Build.0 = Debug|Any CPU
		{F2812670-616A-4060-80B4-163BAAE44747}.Release|Any CPU.ActiveCfg = Release|Any CPU
		{F2812670-616A-4060-80B4-163BAAE44747}.Release|Any CPU.Build.0 = Release|Any CPU
	EndGlobalSection
	GlobalSection(SolutionProperties) = preSolution
		HideSolutionNode = FALSE
	EndGlobalSection
	GlobalSection(ExtensibilityGlobals) = postSolution
		SolutionGuid = {82B5DFFC-7433-4282-B18B-A16AA0B4E125}
	EndGlobalSection
EndGlobal
