
Microsoft Visual Studio Solution File, Format Version 12.00
Project("{FAE04EC0-301F-11D3-BF4B-00C04F79EFBC}") = "6.0_ternary", "6.0_ternary\6.0_ternary.csproj", "{D326BDB2-37E5-48AD-8997-1F5197C4C084}"
EndProject
Global
	GlobalSection(SolutionConfigurationPlatforms) = preSolution
		Debug|Any CPU = Debug|Any CPU
		Release|Any CPU = Release|Any CPU
	EndGlobalSection
	GlobalSection(ProjectConfigurationPlatforms) = postSolution
		{D326BDB2-37E5-48AD-8997-1F5197C4C084}.Debug|Any CPU.ActiveCfg = Debug|Any CPU
		{D326BDB2-37E5-48AD-8997-1F5197C4C084}.Debug|Any CPU.Build.0 = Debug|Any CPU
		{D326BDB2-37E5-48AD-8997-1F5197C4C084}.Release|Any CPU.ActiveCfg = Release|Any CPU
		{D326BDB2-37E5-48AD-8997-1F5197C4C084}.Release|Any CPU.Build.0 = Release|Any CPU
	EndGlobalSection
EndGlobal
