
Microsoft Visual Studio Solution File, Format Version 12.00
# Visual Studio Version 17
VisualStudioVersion = 17.5.002.0
MinimumVisualStudioVersion = 10.0.40219.1
Project("{9A19103F-16F7-4668-BE54-9A1E7A4F7556}") = "1_Variables", "1_Variables.csproj", "{323C97A4-7443-486E-8246-94795BAC8CEB}"
EndProject
Global
	GlobalSection(SolutionConfigurationPlatforms) = preSolution
		Debug|Any CPU = Debug|Any CPU
		Release|Any CPU = Release|Any CPU
	EndGlobalSection
	GlobalSection(ProjectConfigurationPlatforms) = postSolution
		{323C97A4-7443-486E-8246-94795BAC8CEB}.Debug|Any CPU.ActiveCfg = Debug|Any CPU
		{323C97A4-7443-486E-8246-94795BAC8CEB}.Debug|Any CPU.Build.0 = Debug|Any CPU
		{323C97A4-7443-486E-8246-94795BAC8CEB}.Release|Any CPU.ActiveCfg = Release|Any CPU
		{323C97A4-7443-486E-8246-94795BAC8CEB}.Release|Any CPU.Build.0 = Release|Any CPU
	EndGlobalSection
	GlobalSection(SolutionProperties) = preSolution
		HideSolutionNode = FALSE
	EndGlobalSection
	GlobalSection(ExtensibilityGlobals) = postSolution
		SolutionGuid = {17470926-2B2C-407B-BFFE-B9FE0425DD17}
	EndGlobalSection
EndGlobal
