
Microsoft Visual Studio Solution File, Format Version 12.00
Project("{FAE04EC0-301F-11D3-BF4B-00C04F79EFBC}") = "10.0_File", "10.0_File\10.0_File.csproj", "{8F5B97FC-F6CD-4493-916B-B65530E1870D}"
EndProject
Global
	GlobalSection(SolutionConfigurationPlatforms) = preSolution
		Debug|Any CPU = Debug|Any CPU
		Release|Any CPU = Release|Any CPU
	EndGlobalSection
	GlobalSection(ProjectConfigurationPlatforms) = postSolution
		{8F5B97FC-F6CD-4493-916B-B65530E1870D}.Debug|Any CPU.ActiveCfg = Debug|Any CPU
		{8F5B97FC-F6CD-4493-916B-B65530E1870D}.Debug|Any CPU.Build.0 = Debug|Any CPU
		{8F5B97FC-F6CD-4493-916B-B65530E1870D}.Release|Any CPU.ActiveCfg = Release|Any CPU
		{8F5B97FC-F6CD-4493-916B-B65530E1870D}.Release|Any CPU.Build.0 = Release|Any CPU
	EndGlobalSection
EndGlobal
