
Microsoft Visual Studio Solution File, Format Version 12.00
Project("{FAE04EC0-301F-11D3-BF4B-00C04F79EFBC}") = "8.2_doWhile", "8.2_doWhile\8.2_doWhile.csproj", "{217B275A-75B2-4A2E-9515-BA0B193972CA}"
EndProject
Global
	GlobalSection(SolutionConfigurationPlatforms) = preSolution
		Debug|Any CPU = Debug|Any CPU
		Release|Any CPU = Release|Any CPU
	EndGlobalSection
	GlobalSection(ProjectConfigurationPlatforms) = postSolution
		{217B275A-75B2-4A2E-9515-BA0B193972CA}.Debug|Any CPU.ActiveCfg = Debug|Any CPU
		{217B275A-75B2-4A2E-9515-BA0B193972CA}.Debug|Any CPU.Build.0 = Debug|Any CPU
		{217B275A-75B2-4A2E-9515-BA0B193972CA}.Release|Any CPU.ActiveCfg = Release|Any CPU
		{217B275A-75B2-4A2E-9515-BA0B193972CA}.Release|Any CPU.Build.0 = Release|Any CPU
	EndGlobalSection
EndGlobal
