
Microsoft Visual Studio Solution File, Format Version 12.00
Project("{FAE04EC0-301F-11D3-BF4B-00C04F79EFBC}") = "3.1_Operators", "3.1_Operators\3.1_Operators.csproj", "{9B4C696B-AE85-4830-A654-95F566C73C7C}"
EndProject
Global
	GlobalSection(SolutionConfigurationPlatforms) = preSolution
		Debug|Any CPU = Debug|Any CPU
		Release|Any CPU = Release|Any CPU
	EndGlobalSection
	GlobalSection(ProjectConfigurationPlatforms) = postSolution
		{9B4C696B-AE85-4830-A654-95F566C73C7C}.Debug|Any CPU.ActiveCfg = Debug|Any CPU
		{9B4C696B-AE85-4830-A654-95F566C73C7C}.Debug|Any CPU.Build.0 = Debug|Any CPU
		{9B4C696B-AE85-4830-A654-95F566C73C7C}.Release|Any CPU.ActiveCfg = Release|Any CPU
		{9B4C696B-AE85-4830-A654-95F566C73C7C}.Release|Any CPU.Build.0 = Release|Any CPU
	EndGlobalSection
EndGlobal
