
Microsoft Visual Studio Solution File, Format Version 12.00
# Visual Studio Version 17
VisualStudioVersion = 17.5.002.0
MinimumVisualStudioVersion = 10.0.40219.1
Project("{9A19103F-16F7-4668-BE54-9A1E7A4F7556}") = "1.7_Variables", "1.7_Variables.csproj", "{5513216D-0B89-467A-902C-4EAC786C0913}"
EndProject
Global
	GlobalSection(SolutionConfigurationPlatforms) = preSolution
		Debug|Any CPU = Debug|Any CPU
		Release|Any CPU = Release|Any CPU
	EndGlobalSection
	GlobalSection(ProjectConfigurationPlatforms) = postSolution
		{5513216D-0B89-467A-902C-4EAC786C0913}.Debug|Any CPU.ActiveCfg = Debug|Any CPU
		{5513216D-0B89-467A-902C-4EAC786C0913}.Debug|Any CPU.Build.0 = Debug|Any CPU
		{5513216D-0B89-467A-902C-4EAC786C0913}.Release|Any CPU.ActiveCfg = Release|Any CPU
		{5513216D-0B89-467A-902C-4EAC786C0913}.Release|Any CPU.Build.0 = Release|Any CPU
	EndGlobalSection
	GlobalSection(SolutionProperties) = preSolution
		HideSolutionNode = FALSE
	EndGlobalSection
	GlobalSection(ExtensibilityGlobals) = postSolution
		SolutionGuid = {3CACD496-EC38-440E-B930-5E66950B1E25}
	EndGlobalSection
EndGlobal
